# This file is automatically @generated by Poetry 1.5.1 and should not be changed by hand.

[[package]]
name = "azure-functions"
version = "1.17.0"
description = "Azure Functions for Python"
optional = false
python-versions = "*"
files = [
    {file = "azure-functions-1.17.0.tar.gz", hash = "sha256:3329bd23b16563f1871f52a8f7164f96d8998903ae64cfbd56b98b03a69167fd"},
    {file = "azure_functions-1.17.0-py3-none-any.whl", hash = "sha256:e6ad5f49f083754b30b6ffb16a1a6f6b41216d83ecbad26198cedda1ce6b36d0"},
]

[package.extras]
dev = ["coverage", "flake8 (>=4.0.1,<4.1.0)", "flake8-logging-format", "mypy", "pytest", "pytest-cov", "requests (==2.*)"]

[metadata]
lock-version = "2.0"
python-versions = "^3.9"
content-hash = "708775f338f3efcf32f69e6830252eb5c5f190f6786b8530fc050f3c0e34a05b"
